
Microsoft Visual Studio Solution File, Format Version 12.00
# Visual Studio 2013
VisualStudioVersion = 12.0.40629.0
MinimumVisualStudioVersion = 10.0.40219.1
Project("{8BC9CEB8-8B4A-11D0-8D11-00A0C91BC942}") = "teach_coinscatcher", "teach_coinscatcher\teach_coinscatcher.vcxproj", "{B2EC6F40-E04F-4224-B043-EEE380365EA8}"
EndProject
Global
	GlobalSection(SolutionConfigurationPlatforms) = preSolution
		Debug|Win32 = Debug|Win32
		Release|Win32 = Release|Win32
	EndGlobalSection
	GlobalSection(ProjectConfigurationPlatforms) = postSolution
		{B2EC6F40-E04F-4224-B043-EEE380365EA8}.Debug|Win32.ActiveCfg = Debug|Win32
		{B2EC6F40-E04F-4224-B043-EEE380365EA8}.Debug|Win32.Build.0 = Debug|Win32
		{B2EC6F40-E04F-4224-B043-EEE380365EA8}.Release|Win32.ActiveCfg = Release|Win32
		{B2EC6F40-E04F-4224-B043-EEE380365EA8}.Release|Win32.Build.0 = Release|Win32
	EndGlobalSection
	GlobalSection(SolutionProperties) = preSolution
		HideSolutionNode = FALSE
	EndGlobalSection
EndGlobal
